
Microsoft Visual Studio Solution File, Format Version 12.00
# Visual Studio Version 17
VisualStudioVersion = 17.9.34622.214
MinimumVisualStudioVersion = 10.0.40219.1
Project("{FAE04EC0-301F-11D3-BF4B-00C04F79EFBC}") = "TrabajoAula_Luis", "TrabajoAula_Luis.csproj", "{B0B86FA4-CC83-4BFF-AFBE-38F2C31DD6B1}"
EndProject
Global
	GlobalSection(SolutionConfigurationPlatforms) = preSolution
		Debug|Any CPU = Debug|Any CPU
		Release|Any CPU = Release|Any CPU
	EndGlobalSection
	GlobalSection(ProjectConfigurationPlatforms) = postSolution
		{B0B86FA4-CC83-4BFF-AFBE-38F2C31DD6B1}.Debug|Any CPU.ActiveCfg = Debug|Any CPU
		{B0B86FA4-CC83-4BFF-AFBE-38F2C31DD6B1}.Debug|Any CPU.Build.0 = Debug|Any CPU
		{B0B86FA4-CC83-4BFF-AFBE-38F2C31DD6B1}.Release|Any CPU.ActiveCfg = Release|Any CPU
		{B0B86FA4-CC83-4BFF-AFBE-38F2C31DD6B1}.Release|Any CPU.Build.0 = Release|Any CPU
	EndGlobalSection
	GlobalSection(SolutionProperties) = preSolution
		HideSolutionNode = FALSE
	EndGlobalSection
	GlobalSection(ExtensibilityGlobals) = postSolution
		SolutionGuid = {8DCCED41-E347-4BB8-9FF9-F87F35E5B2E5}
	EndGlobalSection
EndGlobal
